// !$*UTF8*$!
{
	archiveVersion = 1;
	classes = {
	};
	objectVersion = 50;
	objects = {

/* Begin PBXBuildFile section */
		F001F9C6223CE8DB00EA963D /* AppDelegate.swift in Sources */ = {isa = PBXBuildFile; fileRef = F001F9C5223CE8DB00EA963D /* AppDelegate.swift */; };
		F001F9C8223CE8DB00EA963D /* ViewController.swift in Sources */ = {isa = PBXBuildFile; fileRef = F001F9C7223CE8DB00EA963D /* ViewController.swift */; };
		F001F9CB223CE8DB00EA963D /* Main.storyboard in Resources */ = {isa = PBXBuildFile; fileRef = F001F9C9223CE8DB00EA963D /* Main.storyboard */; };
		F001F9CD223CE8DD00EA963D /* Assets.xcassets in Resources */ = {isa = PBXBuildFile; fileRef = F001F9CC223CE8DD00EA963D /* Assets.xcassets */; };
		F001F9D0223CE8DD00EA963D /* LaunchScreen.storyboard in Resources */ = {isa = PBXBuildFile; fileRef = F001F9CE223CE8DD00EA963D /* LaunchScreen.storyboard */; };
		F001F9D8223CEA7100EA963D /* CollectionViewCell.swift in Sources */ = {isa = PBXBuildFile; fileRef = F001F9D7223CEA7100EA963D /* CollectionViewCell.swift */; };
/* End PBXBuildFile section */

/* Begin PBXFileReference section */
		F001F9C2223CE8DB00EA963D /* SUDOKU.app */ = {isa = PBXFileReference; explicitFileType = wrapper.application; includeInIndex = 0; path = SUDOKU.app; sourceTree = BUILT_PRODUCTS_DIR; };
		F001F9C5223CE8DB00EA963D /* AppDelegate.swift */ = {isa = PBXFileReference; lastKnownFileType = sourcecode.swift; path = AppDelegate.swift; sourceTree = "<group>"; };
		F001F9C7223CE8DB00EA963D /* ViewController.swift */ = {isa = PBXFileReference; lastKnownFileType = sourcecode.swift; path = ViewController.swift; sourceTree = "<group>"; };
		F001F9CA223CE8DB00EA963D /* Base */ = {isa = PBXFileReference; lastKnownFileType = file.storyboard; name = Base; path = Base.lproj/Main.storyboard; sourceTree = "<group>"; };
		F001F9CC223CE8DD00EA963D /* Assets.xcassets */ = {isa = PBXFileReference; lastKnownFileType = folder.assetcatalog; path = Assets.xcassets; sourceTree = "<group>"; };
		F001F9CF223CE8DD00EA963D /* Base */ = {isa = PBXFileReference; lastKnownFileType = file.storyboard; name = Base; path = Base.lproj/LaunchScreen.storyboard; sourceTree = "<group>"; };
		F001F9D1223CE8DD00EA963D /* Info.plist */ = {isa = PBXFileReference; lastKnownFileType = text.plist.xml; path = Info.plist; sourceTree = "<group>"; };
		F001F9D7223CEA7100EA963D /* CollectionViewCell.swift */ = {isa = PBXFileReference; lastKnownFileType = sourcecode.swift; path = CollectionViewCell.swift; sourceTree = "<group>"; };
/* End PBXFileReference section */

/* Begin PBXFrameworksBuildPhase section */
		F001F9BF223CE8DB00EA963D /* Frameworks */ = {
			isa = PBXFrameworksBuildPhase;
			buildActionMask = 2147483647;
			files = (
			);
			runOnlyForDeploymentPostprocessing = 0;
		};
/* End PBXFrameworksBuildPhase section */

/* Begin PBXGroup section */
		F001F9B9223CE8DB00EA963D = {
			isa = PBXGroup;
			children = (
				F001F9C4223CE8DB00EA963D /* SUDOKU */,
				F001F9C3223CE8DB00EA963D /* Products */,
			);
			sourceTree = "<group>";
		};
		F001F9C3223CE8DB00EA963D /* Products */ = {
			isa = PBXGroup;
			children = (
				F001F9C2223CE8DB00EA963D /* SUDOKU.app */,
			);
			name = Products;
			sourceTree = "<group>";
		};
		F001F9C4223CE8DB00EA963D /* SUDOKU */ = {
			isa = PBXGroup;
			children = (
				F001F9C5223CE8DB00EA963D /* AppDelegate.swift */,
				F001F9C7223CE8DB00EA963D /* ViewController.swift */,
				F001F9D7223CEA7100EA963D /* CollectionViewCell.swift */,
				F001F9C9223CE8DB00EA963D /* Main.storyboard */,
				F001F9CC223CE8DD00EA963D /* Assets.xcassets */,
				F001F9CE223CE8DD00EA963D /* LaunchScreen.storyboard */,
				F001F9D1223CE8DD00EA963D /* Info.plist */,
			);
			path = SUDOKU;
			sourceTree = "<group>";
		};
/* End PBXGroup section */

/* Begin PBXNativeTarget section */
		F001F9C1223CE8DB00EA963D /* SUDOKU */ = {
			isa = PBXNativeTarget;
			buildConfigurationList = F001F9D4223CE8DD00EA963D /* Build configuration list for PBXNativeTarget "SUDOKU" */;
			buildPhases = (
				F001F9BE223CE8DB00EA963D /* Sources */,
				F001F9BF223CE8DB00EA963D /* Frameworks */,
				F001F9C0223CE8DB00EA963D /* Resources */,
			);
			buildRules = (
			);
			dependencies = (
			);
			name = SUDOKU;
			productName = SUDOKU;
			productReference = F001F9C2223CE8DB00EA963D /* SUDOKU.app */;
			productType = "com.apple.product-type.application";
		};
/* End PBXNativeTarget section */

/* Begin PBXProject section */
		F001F9BA223CE8DB00EA963D /* Project object */ = {
			isa = PBXProject;
			attributes = {
				LastSwiftUpdateCheck = 1010;
				LastUpgradeCheck = 1010;
				ORGANIZATIONNAME = "Gerasim Israyelyan";
				TargetAttributes = {
					F001F9C1223CE8DB00EA963D = {
						CreatedOnToolsVersion = 10.1;
					};
				};
			};
			buildConfigurationList = F001F9BD223CE8DB00EA963D /* Build configuration list for PBXProject "SUDOKU" */;
			compatibilityVersion = "Xcode 9.3";
			developmentRegion = en;
			hasScannedForEncodings = 0;
			knownRegions = (
				en,
				Base,
			);
			mainGroup = F001F9B9223CE8DB00EA963D;
			productRefGroup = F001F9C3223CE8DB00EA963D /* Products */;
			projectDirPath = "";
			projectRoot = "";
			targets = (
				F001F9C1223CE8DB00EA963D /* SUDOKU */,
			);
		};
/* End PBXProject section */

/* Begin PBXResourcesBuildPhase section */
		F001F9C0223CE8DB00EA963D /* Resources */ = {
			isa = PBXResourcesBuildPhase;
			buildActionMask = 2147483647;
			files = (
				F001F9D0223CE8DD00EA963D /* LaunchScreen.storyboard in Resources */,
				F001F9CD223CE8DD00EA963D /* Assets.xcassets in Resources */,
				F001F9CB223CE8DB00EA963D /* Main.storyboard in Resources */,
			);
			runOnlyForDeploymentPostprocessing = 0;
		};
/* End PBXResourcesBuildPhase section */

/* Begin PBXSourcesBuildPhase section */
		F001F9BE223CE8DB00EA963D /* Sources */ = {
			isa = PBXSourcesBuildPhase;
			buildActionMask = 2147483647;
			files = (
				F001F9C8223CE8DB00EA963D /* ViewController.swift in Sources */,
				F001F9C6223CE8DB00EA963D /* AppDelegate.swift in Sources */,
				F001F9D8223CEA7100EA963D /* CollectionViewCell.swift in Sources */,
			);
			runOnlyForDeploymentPostprocessing = 0;
		};
/* End PBXSourcesBuildPhase section */

/* Begin PBXVariantGroup section */
		F001F9C9223CE8DB00EA963D /* Main.storyboard */ = {
			isa = PBXVariantGroup;
			children = (
				F001F9CA223CE8DB00EA963D /* Base */,
			);
			name = Main.storyboard;
			sourceTree = "<group>";
		};
		F001F9CE223CE8DD00EA963D /* LaunchScreen.storyboard */ = {
			isa = PBXVariantGroup;
			children = (
				F001F9CF223CE8DD00EA963D /* Base */,
			);
			name = LaunchScreen.storyboard;
			sourceTree = "<group>";
		};
/* End PBXVariantGroup section */

/* Begin XCBuildConfiguration section */
		F001F9D2223CE8DD00EA963D /* Debug */ = {
			isa = XCBuildConfiguration;
			buildSettings = {
				ALWAYS_SEARCH_USER_PATHS = NO;
				CLANG_ANALYZER_NONNULL = YES;
				CLANG_ANALYZER_NUMBER_OBJECT_CONVERSION = YES_AGGRESSIVE;
				CLANG_CXX_LANGUAGE_STANDARD = "gnu++14";
				CLANG_CXX_LIBRARY = "libc++";
				CLANG_ENABLE_MODULES = YES;
				CLANG_ENABLE_OBJC_ARC = YES;
				CLANG_ENABLE_OBJC_WEAK = YES;
				CLANG_WARN_BLOCK_CAPTURE_AUTORELEASING = YES;
				CLANG_WARN_BOOL_CONVERSION = YES;
				CLANG_WARN_COMMA = YES;
				CLANG_WARN_CONSTANT_CONVERSION = YES;
				CLANG_WARN_DEPRECATED_OBJC_IMPLEMENTATIONS = YES;
				CLANG_WARN_DIRECT_OBJC_ISA_USAGE = YES_ERROR;
				CLANG_WARN_DOCUMENTATION_COMMENTS = YES;
				CLANG_WARN_EMPTY_BODY = YES;
				CLANG_WARN_ENUM_CONVERSION = YES;
				CLANG_WARN_INFINITE_RECURSION = YES;
				CLANG_WARN_INT_CONVERSION = YES;
				CLANG_WARN_NON_LITERAL_NULL_CONVERSION = YES;
				CLANG_WARN_OBJC_IMPLICIT_RETAIN_SELF = YES;
				CLANG_WARN_OBJC_LITERAL_CONVERSION = YES;
				CLANG_WARN_OBJC_ROOT_CLASS = YES_ERROR;
				CLANG_WARN_RANGE_LOOP_ANALYSIS = YES;
				CLANG_WARN_STRICT_PROTOTYPES = YES;
				CLANG_WARN_SUSPICIOUS_MOVE = YES;
				CLANG_WARN_UNGUARDED_AVAILABILITY = YES_AGGRESSIVE;
				CLANG_WARN_UNREACHABLE_CODE = YES;
				CLANG_WARN__DUPLICATE_METHOD_MATCH = YES;
				CODE_SIGN_IDENTITY = "iPhone Developer";
				COPY_PHASE_STRIP = NO;
				DEBUG_INFORMATION_FORMAT = dwarf;
				ENABLE_STRICT_OBJC_MSGSEND = YES;
				ENABLE_TESTABILITY = YES;
				GCC_C_LANGUAGE_STANDARD = gnu11;
				GCC_DYNAMIC_NO_PIC = NO;
				GCC_NO_COMMON_BLOCKS = YES;
				GCC_OPTIMIZATION_LEVEL = 0;
				GCC_PREPROCESSOR_DEFINITIONS = (
					"DEBUG=1",
					"$(inherited)",
				);
				GCC_WARN_64_TO_32_BIT_CONVERSION = YES;
				GCC_WARN_ABOUT_RETURN_TYPE = YES_ERROR;
				GCC_WARN_UNDECLARED_SELECTOR = YES;
				GCC_WARN_UNINITIALIZED_AUTOS = YES_AGGRESSIVE;
				GCC_WARN_UNUSED_FUNCTION = YES;
				GCC_WARN_UNUSED_VARIABLE = YES;
				IPHONEOS_DEPLOYMENT_TARGET = 12.1;
				MTL_ENABLE_DEBUG_INFO = INCLUDE_SOURCE;
				MTL_FAST_MATH = YES;
				ONLY_ACTIVE_ARCH = YES;
				SDKROOT = iphoneos;
				SWIFT_ACTIVE_COMPILATION_CONDITIONS = DEBUG;
				SWIFT_OPTIMIZATION_LEVEL = "-Onone";
			};
			name = Debug;
		};
		F001F9D3223CE8DD00EA963D /* Release */ = {
			isa = XCBuildConfiguration;
			buildSettings = {
				ALWAYS_SEARCH_USER_PATHS = NO;
				CLANG_ANALYZER_NONNULL = YES;
				CLANG_ANALYZER_NUMBER_OBJECT_CONVERSION = YES_AGGRESSIVE;
				CLANG_CXX_LANGUAGE_STANDARD = "gnu++14";
				CLANG_CXX_LIBRARY = "libc++";
				CLANG_ENABLE_MODULES = YES;
				CLANG_ENABLE_OBJC_ARC = YES;
				CLANG_ENABLE_OBJC_WEAK = YES;
				CLANG_WARN_BLOCK_CAPTURE_AUTORELEASING = YES;
				CLANG_WARN_BOOL_CONVERSION = YES;
				CLANG_WARN_COMMA = YES;
				CLANG_WARN_CONSTANT_CONVERSION = YES;
				CLANG_WARN_DEPRECATED_OBJC_IMPLEMENTATIONS = YES;
				CLANG_WARN_DIRECT_OBJC_ISA_USAGE = YES_ERROR;
				CLANG_WARN_DOCUMENTATION_COMMENTS = YES;
				CLANG_WARN_EMPTY_BODY = YES;
				CLANG_WARN_ENUM_CONVERSION = YES;
				CLANG_WARN_INFINITE_RECURSION = YES;
				CLANG_WARN_INT_CONVERSION = YES;
				CLANG_WARN_NON_LITERAL_NULL_CONVERSION = YES;
				CLANG_WARN_OBJC_IMPLICIT_RETAIN_SELF = YES;
				CLANG_WARN_OBJC_LITERAL_CONVERSION = YES;
				CLANG_WARN_OBJC_ROOT_CLASS = YES_ERROR;
				CLANG_WARN_RANGE_LOOP_ANALYSIS = YES;
				CLANG_WARN_STRICT_PROTOTYPES = YES;
				CLANG_WARN_SUSPICIOUS_MOVE = YES;
				CLANG_WARN_UNGUARDED_AVAILABILITY = YES_AGGRESSIVE;
				CLANG_WARN_UNREACHABLE_CODE = YES;
				CLANG_WARN__DUPLICATE_METHOD_MATCH = YES;
				CODE_SIGN_IDENTITY = "iPhone Developer";
				COPY_PHASE_STRIP = NO;
				DEBUG_INFORMATION_FORMAT = "dwarf-with-dsym";
				ENABLE_NS_ASSERTIONS = NO;
				ENABLE_STRICT_OBJC_MSGSEND = YES;
				GCC_C_LANGUAGE_STANDARD = gnu11;
				GCC_NO_COMMON_BLOCKS = YES;
				GCC_WARN_64_TO_32_BIT_CONVERSION = YES;
				GCC_WARN_ABOUT_RETURN_TYPE = YES_ERROR;
				GCC_WARN_UNDECLARED_SELECTOR = YES;
				GCC_WARN_UNINITIALIZED_AUTOS = YES_AGGRESSIVE;
				GCC_WARN_UNUSED_FUNCTION = YES;
				GCC_WARN_UNUSED_VARIABLE = YES;
				IPHONEOS_DEPLOYMENT_TARGET = 12.1;
				MTL_ENABLE_DEBUG_INFO = NO;
				MTL_FAST_MATH = YES;
				SDKROOT = iphoneos;
				SWIFT_COMPILATION_MODE = wholemodule;
				SWIFT_OPTIMIZATION_LEVEL = "-O";
				VALIDATE_PRODUCT = YES;
			};
			name = Release;
		};
		F001F9D5223CE8DD00EA963D /* Debug */ = {
			isa = XCBuildConfiguration;
			buildSettings = {
				ASSETCATALOG_COMPILER_APPICON_NAME = AppIcon;
				CODE_SIGN_STYLE = Automatic;
				DEVELOPMENT_TEAM = MD56F4Y23U;
				INFOPLIST_FILE = SUDOKU/Info.plist;
				LD_RUNPATH_SEARCH_PATHS = (
					"$(inherited)",
					"@executable_path/Frameworks",
				);
				PRODUCT_BUNDLE_IDENTIFIER = com.1003.SUDOKU;
				PRODUCT_NAME = "$(TARGET_NAME)";
				SWIFT_VERSION = 4.2;
				TARGETED_DEVICE_FAMILY = "1,2";
			};
			name = Debug;
		};
		F001F9D6223CE8DD00EA963D /* Release */ = {
			isa = XCBuildConfiguration;
			buildSettings = {
				ASSETCATALOG_COMPILER_APPICON_NAME = AppIcon;
				CODE_SIGN_STYLE = Automatic;
				DEVELOPMENT_TEAM = MD56F4Y23U;
				INFOPLIST_FILE = SUDOKU/Info.plist;
				LD_RUNPATH_SEARCH_PATHS = (
					"$(inherited)",
					"@executable_path/Frameworks",
				);
				PRODUCT_BUNDLE_IDENTIFIER = com.1003.SUDOKU;
				PRODUCT_NAME = "$(TARGET_NAME)";
				SWIFT_VERSION = 4.2;
				TARGETED_DEVICE_FAMILY = "1,2";
			};
			name = Release;
		};
/* End XCBuildConfiguration section */

/* Begin XCConfigurationList section */
		F001F9BD223CE8DB00EA963D /* Build configuration list for PBXProject "SUDOKU" */ = {
			isa = XCConfigurationList;
			buildConfigurations = (
				F001F9D2223CE8DD00EA963D /* Debug */,
				F001F9D3223CE8DD00EA963D /* Release */,
			);
			defaultConfigurationIsVisible = 0;
			defaultConfigurationName = Release;
		};
		F001F9D4223CE8DD00EA963D /* Build configuration list for PBXNativeTarget "SUDOKU" */ = {
			isa = XCConfigurationList;
			buildConfigurations = (
				F001F9D5223CE8DD00EA963D /* Debug */,
				F001F9D6223CE8DD00EA963D /* Release */,
			);
			defaultConfigurationIsVisible = 0;
			defaultConfigurationName = Release;
		};
/* End XCConfigurationList section */
	};
	rootObject = F001F9BA223CE8DB00EA963D /* Project object */;
}
